
Microsoft Visual Studio Solution File, Format Version 12.00
# Visual Studio Version 17
VisualStudioVersion = 17.4.33213.308
MinimumVisualStudioVersion = 10.0.40219.1
Project("{FAE04EC0-301F-11D3-BF4B-00C04F79EFBC}") = "MolotovaLINQ", "MolotovaLINQ\MolotovaLINQ.csproj", "{86CA7783-294C-4AAE-AF70-8F5F3C4D2A2C}"
EndProject
Global
	GlobalSection(SolutionConfigurationPlatforms) = preSolution
		Debug|Any CPU = Debug|Any CPU
		Release|Any CPU = Release|Any CPU
	EndGlobalSection
	GlobalSection(ProjectConfigurationPlatforms) = postSolution
		{86CA7783-294C-4AAE-AF70-8F5F3C4D2A2C}.Debug|Any CPU.ActiveCfg = Debug|Any CPU
		{86CA7783-294C-4AAE-AF70-8F5F3C4D2A2C}.Debug|Any CPU.Build.0 = Debug|Any CPU
		{86CA7783-294C-4AAE-AF70-8F5F3C4D2A2C}.Release|Any CPU.ActiveCfg = Release|Any CPU
		{86CA7783-294C-4AAE-AF70-8F5F3C4D2A2C}.Release|Any CPU.Build.0 = Release|Any CPU
	EndGlobalSection
	GlobalSection(SolutionProperties) = preSolution
		HideSolutionNode = FALSE
	EndGlobalSection
	GlobalSection(ExtensibilityGlobals) = postSolution
		SolutionGuid = {F0D6B152-855E-4F8C-BB1B-0759A3CBD665}
	EndGlobalSection
EndGlobal
